// !$*UTF8*$!
{
	archiveVersion = 1;
	classes = {
	};
	objectVersion = 50;
	objects = {

/* Begin PBXBuildFile section */
		2554616426DF6C978F3A271C /* libPods-PBX.a in Frameworks */ = {isa = PBXBuildFile; fileRef = 057BAC1618BDC5FBF2AAE5C4 /* libPods-PBX.a */; };
		CDC96B152240D15E0073C830 /* AppDelegate.m in Sources */ = {isa = PBXBuildFile; fileRef = CDC96B142240D15E0073C830 /* AppDelegate.m */; };
		CDC96B182240D15E0073C830 /* ViewController.m in Sources */ = {isa = PBXBuildFile; fileRef = CDC96B172240D15E0073C830 /* ViewController.m */; };
		CDC96B1B2240D15E0073C830 /* Main.storyboard in Resources */ = {isa = PBXBuildFile; fileRef = CDC96B192240D15E0073C830 /* Main.storyboard */; };
		CDC96B1D2240D15F0073C830 /* Assets.xcassets in Resources */ = {isa = PBXBuildFile; fileRef = CDC96B1C2240D15F0073C830 /* Assets.xcassets */; };
		CDC96B202240D15F0073C830 /* LaunchScreen.storyboard in Resources */ = {isa = PBXBuildFile; fileRef = CDC96B1E2240D15F0073C830 /* LaunchScreen.storyboard */; };
		CDC96B232240D15F0073C830 /* main.m in Sources */ = {isa = PBXBuildFile; fileRef = CDC96B222240D15F0073C830 /* main.m */; };
		CDC96B2C2240D3140073C830 /* UIButton+buttonWithSelect.m in Sources */ = {isa = PBXBuildFile; fileRef = CDC96B2B2240D3140073C830 /* UIButton+buttonWithSelect.m */; };
/* End PBXBuildFile section */

/* Begin PBXFileReference section */
		057BAC1618BDC5FBF2AAE5C4 /* libPods-PBX.a */ = {isa = PBXFileReference; explicitFileType = archive.ar; includeInIndex = 0; path = "libPods-PBX.a"; sourceTree = BUILT_PRODUCTS_DIR; };
		1DBD91D9A0A0A94B1C64FD2F /* Pods-PBX.debug.xcconfig */ = {isa = PBXFileReference; includeInIndex = 1; lastKnownFileType = text.xcconfig; name = "Pods-PBX.debug.xcconfig"; path = "Pods/Target Support Files/Pods-PBX/Pods-PBX.debug.xcconfig"; sourceTree = "<group>"; };
		38FAF4CC6D8B928ED6702D0E /* Pods-PBX.release.xcconfig */ = {isa = PBXFileReference; includeInIndex = 1; lastKnownFileType = text.xcconfig; name = "Pods-PBX.release.xcconfig"; path = "Pods/Target Support Files/Pods-PBX/Pods-PBX.release.xcconfig"; sourceTree = "<group>"; };
		CDC96B102240D15E0073C830 /* PBX.app */ = {isa = PBXFileReference; explicitFileType = wrapper.application; includeInIndex = 0; path = PBX.app; sourceTree = BUILT_PRODUCTS_DIR; };
		CDC96B132240D15E0073C830 /* AppDelegate.h */ = {isa = PBXFileReference; lastKnownFileType = sourcecode.c.h; path = AppDelegate.h; sourceTree = "<group>"; };
		CDC96B142240D15E0073C830 /* AppDelegate.m */ = {isa = PBXFileReference; lastKnownFileType = sourcecode.c.objc; path = AppDelegate.m; sourceTree = "<group>"; };
		CDC96B162240D15E0073C830 /* ViewController.h */ = {isa = PBXFileReference; lastKnownFileType = sourcecode.c.h; path = ViewController.h; sourceTree = "<group>"; };
		CDC96B172240D15E0073C830 /* ViewController.m */ = {isa = PBXFileReference; lastKnownFileType = sourcecode.c.objc; path = ViewController.m; sourceTree = "<group>"; };
		CDC96B1A2240D15E0073C830 /* Base */ = {isa = PBXFileReference; lastKnownFileType = file.storyboard; name = Base; path = Base.lproj/Main.storyboard; sourceTree = "<group>"; };
		CDC96B1C2240D15F0073C830 /* Assets.xcassets */ = {isa = PBXFileReference; lastKnownFileType = folder.assetcatalog; path = Assets.xcassets; sourceTree = "<group>"; };
		CDC96B1F2240D15F0073C830 /* Base */ = {isa = PBXFileReference; lastKnownFileType = file.storyboard; name = Base; path = Base.lproj/LaunchScreen.storyboard; sourceTree = "<group>"; };
		CDC96B212240D15F0073C830 /* Info.plist */ = {isa = PBXFileReference; lastKnownFileType = text.plist.xml; path = Info.plist; sourceTree = "<group>"; };
		CDC96B222240D15F0073C830 /* main.m */ = {isa = PBXFileReference; lastKnownFileType = sourcecode.c.objc; path = main.m; sourceTree = "<group>"; };
		CDC96B2A2240D3140073C830 /* UIButton+buttonWithSelect.h */ = {isa = PBXFileReference; lastKnownFileType = sourcecode.c.h; path = "UIButton+buttonWithSelect.h"; sourceTree = "<group>"; };
		CDC96B2B2240D3140073C830 /* UIButton+buttonWithSelect.m */ = {isa = PBXFileReference; lastKnownFileType = sourcecode.c.objc; path = "UIButton+buttonWithSelect.m"; sourceTree = "<group>"; };
/* End PBXFileReference section */

/* Begin PBXFrameworksBuildPhase section */
		CDC96B0D2240D15E0073C830 /* Frameworks */ = {
			isa = PBXFrameworksBuildPhase;
			buildActionMask = 2147483647;
			files = (
				2554616426DF6C978F3A271C /* libPods-PBX.a in Frameworks */,
			);
			runOnlyForDeploymentPostprocessing = 0;
		};
/* End PBXFrameworksBuildPhase section */

/* Begin PBXGroup section */
		CDC96B072240D15E0073C830 = {
			isa = PBXGroup;
			children = (
				CDC96B292240D1750073C830 /* Claseass */,
				CDC96B122240D15E0073C830 /* PBX */,
				CDC96B112240D15E0073C830 /* Products */,
				EFBBFA21C62B76F51658DF4A /* Pods */,
				DF6D8B6860FA2333A2686784 /* Frameworks */,
			);
			sourceTree = "<group>";
		};
		CDC96B112240D15E0073C830 /* Products */ = {
			isa = PBXGroup;
			children = (
				CDC96B102240D15E0073C830 /* PBX.app */,
			);
			name = Products;
			sourceTree = "<group>";
		};
		CDC96B122240D15E0073C830 /* PBX */ = {
			isa = PBXGroup;
			children = (
				CDC96B132240D15E0073C830 /* AppDelegate.h */,
				CDC96B142240D15E0073C830 /* AppDelegate.m */,
				CDC96B162240D15E0073C830 /* ViewController.h */,
				CDC96B172240D15E0073C830 /* ViewController.m */,
				CDC96B192240D15E0073C830 /* Main.storyboard */,
				CDC96B1C2240D15F0073C830 /* Assets.xcassets */,
				CDC96B1E2240D15F0073C830 /* LaunchScreen.storyboard */,
				CDC96B212240D15F0073C830 /* Info.plist */,
				CDC96B222240D15F0073C830 /* main.m */,
			);
			path = PBX;
			sourceTree = "<group>";
		};
		CDC96B292240D1750073C830 /* Claseass */ = {
			isa = PBXGroup;
			children = (
				CDC96B2A2240D3140073C830 /* UIButton+buttonWithSelect.h */,
				CDC96B2B2240D3140073C830 /* UIButton+buttonWithSelect.m */,
			);
			path = Claseass;
			sourceTree = "<group>";
		};
		DF6D8B6860FA2333A2686784 /* Frameworks */ = {
			isa = PBXGroup;
			children = (
				057BAC1618BDC5FBF2AAE5C4 /* libPods-PBX.a */,
			);
			name = Frameworks;
			sourceTree = "<group>";
		};
		EFBBFA21C62B76F51658DF4A /* Pods */ = {
			isa = PBXGroup;
			children = (
				1DBD91D9A0A0A94B1C64FD2F /* Pods-PBX.debug.xcconfig */,
				38FAF4CC6D8B928ED6702D0E /* Pods-PBX.release.xcconfig */,
			);
			name = Pods;
			sourceTree = "<group>";
		};
/* End PBXGroup section */

/* Begin PBXNativeTarget section */
		CDC96B0F2240D15E0073C830 /* PBX */ = {
			isa = PBXNativeTarget;
			buildConfigurationList = CDC96B262240D15F0073C830 /* Build configuration list for PBXNativeTarget "PBX" */;
			buildPhases = (
				74DF905F9697A89F09D60FAA /* [CP] Check Pods Manifest.lock */,
				CDC96B0C2240D15E0073C830 /* Sources */,
				CDC96B0D2240D15E0073C830 /* Frameworks */,
				CDC96B0E2240D15E0073C830 /* Resources */,
			);
			buildRules = (
			);
			dependencies = (
			);
			name = PBX;
			productName = PBX;
			productReference = CDC96B102240D15E0073C830 /* PBX.app */;
			productType = "com.apple.product-type.application";
		};
/* End PBXNativeTarget section */

/* Begin PBXProject section */
		CDC96B082240D15E0073C830 /* Project object */ = {
			isa = PBXProject;
			attributes = {
				LastUpgradeCheck = 1010;
				ORGANIZATIONNAME = MarkLiu;
				TargetAttributes = {
					CDC96B0F2240D15E0073C830 = {
						CreatedOnToolsVersion = 10.1;
					};
				};
			};
			buildConfigurationList = CDC96B0B2240D15E0073C830 /* Build configuration list for PBXProject "PBX" */;
			compatibilityVersion = "Xcode 9.3";
			developmentRegion = en;
			hasScannedForEncodings = 0;
			knownRegions = (
				en,
				Base,
			);
			mainGroup = CDC96B072240D15E0073C830;
			productRefGroup = CDC96B112240D15E0073C830 /* Products */;
			projectDirPath = "";
			projectRoot = "";
			targets = (
				CDC96B0F2240D15E0073C830 /* PBX */,
			);
		};
/* End PBXProject section */

/* Begin PBXResourcesBuildPhase section */
		CDC96B0E2240D15E0073C830 /* Resources */ = {
			isa = PBXResourcesBuildPhase;
			buildActionMask = 2147483647;
			files = (
				CDC96B202240D15F0073C830 /* LaunchScreen.storyboard in Resources */,
				CDC96B1D2240D15F0073C830 /* Assets.xcassets in Resources */,
				CDC96B1B2240D15E0073C830 /* Main.storyboard in Resources */,
			);
			runOnlyForDeploymentPostprocessing = 0;
		};
/* End PBXResourcesBuildPhase section */

/* Begin PBXShellScriptBuildPhase section */
		74DF905F9697A89F09D60FAA /* [CP] Check Pods Manifest.lock */ = {
			isa = PBXShellScriptBuildPhase;
			buildActionMask = 2147483647;
			files = (
			);
			inputPaths = (
				"${PODS_PODFILE_DIR_PATH}/Podfile.lock",
				"${PODS_ROOT}/Manifest.lock",
			);
			name = "[CP] Check Pods Manifest.lock";
			outputPaths = (
				"$(DERIVED_FILE_DIR)/Pods-PBX-checkManifestLockResult.txt",
			);
			runOnlyForDeploymentPostprocessing = 0;
			shellPath = /bin/sh;
			shellScript = "diff \"${PODS_PODFILE_DIR_PATH}/Podfile.lock\" \"${PODS_ROOT}/Manifest.lock\" > /dev/null\nif [ $? != 0 ] ; then\n    # print error to STDERR\n    echo \"error: The sandbox is not in sync with the Podfile.lock. Run 'pod install' or update your CocoaPods installation.\" >&2\n    exit 1\nfi\n# This output is used by Xcode 'outputs' to avoid re-running this script phase.\necho \"SUCCESS\" > \"${SCRIPT_OUTPUT_FILE_0}\"\n";
			showEnvVarsInLog = 0;
		};
/* End PBXShellScriptBuildPhase section */

/* Begin PBXSourcesBuildPhase section */
		CDC96B0C2240D15E0073C830 /* Sources */ = {
			isa = PBXSourcesBuildPhase;
			buildActionMask = 2147483647;
			files = (
				CDC96B182240D15E0073C830 /* ViewController.m in Sources */,
				CDC96B232240D15F0073C830 /* main.m in Sources */,
				CDC96B152240D15E0073C830 /* AppDelegate.m in Sources */,
				CDC96B2C2240D3140073C830 /* UIButton+buttonWithSelect.m in Sources */,
			);
			runOnlyForDeploymentPostprocessing = 0;
		};
/* End PBXSourcesBuildPhase section */

/* Begin PBXVariantGroup section */
		CDC96B192240D15E0073C830 /* Main.storyboard */ = {
			isa = PBXVariantGroup;
			children = (
				CDC96B1A2240D15E0073C830 /* Base */,
			);
			name = Main.storyboard;
			sourceTree = "<group>";
		};
		CDC96B1E2240D15F0073C830 /* LaunchScreen.storyboard */ = {
			isa = PBXVariantGroup;
			children = (
				CDC96B1F2240D15F0073C830 /* Base */,
			);
			name = LaunchScreen.storyboard;
			sourceTree = "<group>";
		};
/* End PBXVariantGroup section */

/* Begin XCBuildConfiguration section */
		CDC96B242240D15F0073C830 /* Debug */ = {
			isa = XCBuildConfiguration;
			buildSettings = {
				ALWAYS_SEARCH_USER_PATHS = NO;
				CLANG_ANALYZER_NONNULL = YES;
				CLANG_ANALYZER_NUMBER_OBJECT_CONVERSION = YES_AGGRESSIVE;
				CLANG_CXX_LANGUAGE_STANDARD = "gnu++14";
				CLANG_CXX_LIBRARY = "libc++";
				CLANG_ENABLE_MODULES = YES;
				CLANG_ENABLE_OBJC_ARC = YES;
				CLANG_ENABLE_OBJC_WEAK = YES;
				CLANG_WARN_BLOCK_CAPTURE_AUTORELEASING = YES;
				CLANG_WARN_BOOL_CONVERSION = YES;
				CLANG_WARN_COMMA = YES;
				CLANG_WARN_CONSTANT_CONVERSION = YES;
				CLANG_WARN_DEPRECATED_OBJC_IMPLEMENTATIONS = YES;
				CLANG_WARN_DIRECT_OBJC_ISA_USAGE = YES_ERROR;
				CLANG_WARN_DOCUMENTATION_COMMENTS = YES;
				CLANG_WARN_EMPTY_BODY = YES;
				CLANG_WARN_ENUM_CONVERSION = YES;
				CLANG_WARN_INFINITE_RECURSION = YES;
				CLANG_WARN_INT_CONVERSION = YES;
				CLANG_WARN_NON_LITERAL_NULL_CONVERSION = YES;
				CLANG_WARN_OBJC_IMPLICIT_RETAIN_SELF = YES;
				CLANG_WARN_OBJC_LITERAL_CONVERSION = YES;
				CLANG_WARN_OBJC_ROOT_CLASS = YES_ERROR;
				CLANG_WARN_RANGE_LOOP_ANALYSIS = YES;
				CLANG_WARN_STRICT_PROTOTYPES = YES;
				CLANG_WARN_SUSPICIOUS_MOVE = YES;
				CLANG_WARN_UNGUARDED_AVAILABILITY = YES_AGGRESSIVE;
				CLANG_WARN_UNREACHABLE_CODE = YES;
				CLANG_WARN__DUPLICATE_METHOD_MATCH = YES;
				CODE_SIGN_IDENTITY = "iPhone Developer";
				COPY_PHASE_STRIP = NO;
				DEBUG_INFORMATION_FORMAT = dwarf;
				ENABLE_STRICT_OBJC_MSGSEND = YES;
				ENABLE_TESTABILITY = YES;
				GCC_C_LANGUAGE_STANDARD = gnu11;
				GCC_DYNAMIC_NO_PIC = NO;
				GCC_NO_COMMON_BLOCKS = YES;
				GCC_OPTIMIZATION_LEVEL = 0;
				GCC_PREPROCESSOR_DEFINITIONS = (
					"DEBUG=1",
					"$(inherited)",
				);
				GCC_WARN_64_TO_32_BIT_CONVERSION = YES;
				GCC_WARN_ABOUT_RETURN_TYPE = YES_ERROR;
				GCC_WARN_UNDECLARED_SELECTOR = YES;
				GCC_WARN_UNINITIALIZED_AUTOS = YES_AGGRESSIVE;
				GCC_WARN_UNUSED_FUNCTION = YES;
				GCC_WARN_UNUSED_VARIABLE = YES;
				IPHONEOS_DEPLOYMENT_TARGET = 12.1;
				MTL_ENABLE_DEBUG_INFO = INCLUDE_SOURCE;
				MTL_FAST_MATH = YES;
				ONLY_ACTIVE_ARCH = YES;
				SDKROOT = iphoneos;
			};
			name = Debug;
		};
		CDC96B252240D15F0073C830 /* Release */ = {
			isa = XCBuildConfiguration;
			buildSettings = {
				ALWAYS_SEARCH_USER_PATHS = NO;
				CLANG_ANALYZER_NONNULL = YES;
				CLANG_ANALYZER_NUMBER_OBJECT_CONVERSION = YES_AGGRESSIVE;
				CLANG_CXX_LANGUAGE_STANDARD = "gnu++14";
				CLANG_CXX_LIBRARY = "libc++";
				CLANG_ENABLE_MODULES = YES;
				CLANG_ENABLE_OBJC_ARC = YES;
				CLANG_ENABLE_OBJC_WEAK = YES;
				CLANG_WARN_BLOCK_CAPTURE_AUTORELEASING = YES;
				CLANG_WARN_BOOL_CONVERSION = YES;
				CLANG_WARN_COMMA = YES;
				CLANG_WARN_CONSTANT_CONVERSION = YES;
				CLANG_WARN_DEPRECATED_OBJC_IMPLEMENTATIONS = YES;
				CLANG_WARN_DIRECT_OBJC_ISA_USAGE = YES_ERROR;
				CLANG_WARN_DOCUMENTATION_COMMENTS = YES;
				CLANG_WARN_EMPTY_BODY = YES;
				CLANG_WARN_ENUM_CONVERSION = YES;
				CLANG_WARN_INFINITE_RECURSION = YES;
				CLANG_WARN_INT_CONVERSION = YES;
				CLANG_WARN_NON_LITERAL_NULL_CONVERSION = YES;
				CLANG_WARN_OBJC_IMPLICIT_RETAIN_SELF = YES;
				CLANG_WARN_OBJC_LITERAL_CONVERSION = YES;
				CLANG_WARN_OBJC_ROOT_CLASS = YES_ERROR;
				CLANG_WARN_RANGE_LOOP_ANALYSIS = YES;
				CLANG_WARN_STRICT_PROTOTYPES = YES;
				CLANG_WARN_SUSPICIOUS_MOVE = YES;
				CLANG_WARN_UNGUARDED_AVAILABILITY = YES_AGGRESSIVE;
				CLANG_WARN_UNREACHABLE_CODE = YES;
				CLANG_WARN__DUPLICATE_METHOD_MATCH = YES;
				CODE_SIGN_IDENTITY = "iPhone Developer";
				COPY_PHASE_STRIP = NO;
				DEBUG_INFORMATION_FORMAT = "dwarf-with-dsym";
				ENABLE_NS_ASSERTIONS = NO;
				ENABLE_STRICT_OBJC_MSGSEND = YES;
				GCC_C_LANGUAGE_STANDARD = gnu11;
				GCC_NO_COMMON_BLOCKS = YES;
				GCC_WARN_64_TO_32_BIT_CONVERSION = YES;
				GCC_WARN_ABOUT_RETURN_TYPE = YES_ERROR;
				GCC_WARN_UNDECLARED_SELECTOR = YES;
				GCC_WARN_UNINITIALIZED_AUTOS = YES_AGGRESSIVE;
				GCC_WARN_UNUSED_FUNCTION = YES;
				GCC_WARN_UNUSED_VARIABLE = YES;
				IPHONEOS_DEPLOYMENT_TARGET = 12.1;
				MTL_ENABLE_DEBUG_INFO = NO;
				MTL_FAST_MATH = YES;
				SDKROOT = iphoneos;
				VALIDATE_PRODUCT = YES;
			};
			name = Release;
		};
		CDC96B272240D15F0073C830 /* Debug */ = {
			isa = XCBuildConfiguration;
			baseConfigurationReference = 1DBD91D9A0A0A94B1C64FD2F /* Pods-PBX.debug.xcconfig */;
			buildSettings = {
				ASSETCATALOG_COMPILER_APPICON_NAME = AppIcon;
				CODE_SIGN_STYLE = Automatic;
				INFOPLIST_FILE = PBX/Info.plist;
				LD_RUNPATH_SEARCH_PATHS = (
					"$(inherited)",
					"@executable_path/Frameworks",
				);
				PRODUCT_BUNDLE_IDENTIFIER = markLiu.PBX;
				PRODUCT_NAME = "$(TARGET_NAME)";
				TARGETED_DEVICE_FAMILY = "1,2";
			};
			name = Debug;
		};
		CDC96B282240D15F0073C830 /* Release */ = {
			isa = XCBuildConfiguration;
			baseConfigurationReference = 38FAF4CC6D8B928ED6702D0E /* Pods-PBX.release.xcconfig */;
			buildSettings = {
				ASSETCATALOG_COMPILER_APPICON_NAME = AppIcon;
				CODE_SIGN_STYLE = Automatic;
				INFOPLIST_FILE = PBX/Info.plist;
				LD_RUNPATH_SEARCH_PATHS = (
					"$(inherited)",
					"@executable_path/Frameworks",
				);
				PRODUCT_BUNDLE_IDENTIFIER = markLiu.PBX;
				PRODUCT_NAME = "$(TARGET_NAME)";
				TARGETED_DEVICE_FAMILY = "1,2";
			};
			name = Release;
		};
/* End XCBuildConfiguration section */

/* Begin XCConfigurationList section */
		CDC96B0B2240D15E0073C830 /* Build configuration list for PBXProject "PBX" */ = {
			isa = XCConfigurationList;
			buildConfigurations = (
				CDC96B242240D15F0073C830 /* Debug */,
				CDC96B252240D15F0073C830 /* Release */,
			);
			defaultConfigurationIsVisible = 0;
			defaultConfigurationName = Release;
		};
		CDC96B262240D15F0073C830 /* Build configuration list for PBXNativeTarget "PBX" */ = {
			isa = XCConfigurationList;
			buildConfigurations = (
				CDC96B272240D15F0073C830 /* Debug */,
				CDC96B282240D15F0073C830 /* Release */,
			);
			defaultConfigurationIsVisible = 0;
			defaultConfigurationName = Release;
		};
/* End XCConfigurationList section */
	};
	rootObject = CDC96B082240D15E0073C830 /* Project object */;
}
